
Microsoft Visual Studio Solution File, Format Version 12.00
# Visual Studio 15
VisualStudioVersion = 15.0.27130.2027
MinimumVisualStudioVersion = 10.0.40219.1
Project("{FAE04EC0-301F-11D3-BF4B-00C04F79EFBC}") = "optionnel", "optionnel\optionnel.csproj", "{F3498B7E-0206-47DC-8EFE-93BD11BECEAC}"
EndProject
Global
	GlobalSection(SolutionConfigurationPlatforms) = preSolution
		Debug|Any CPU = Debug|Any CPU
		Release|Any CPU = Release|Any CPU
	EndGlobalSection
	GlobalSection(ProjectConfigurationPlatforms) = postSolution
		{F3498B7E-0206-47DC-8EFE-93BD11BECEAC}.Debug|Any CPU.ActiveCfg = Debug|Any CPU
		{F3498B7E-0206-47DC-8EFE-93BD11BECEAC}.Debug|Any CPU.Build.0 = Debug|Any CPU
		{F3498B7E-0206-47DC-8EFE-93BD11BECEAC}.Release|Any CPU.ActiveCfg = Release|Any CPU
		{F3498B7E-0206-47DC-8EFE-93BD11BECEAC}.Release|Any CPU.Build.0 = Release|Any CPU
	EndGlobalSection
	GlobalSection(SolutionProperties) = preSolution
		HideSolutionNode = FALSE
	EndGlobalSection
	GlobalSection(ExtensibilityGlobals) = postSolution
		SolutionGuid = {7F6F7106-3B35-4447-A422-5761E3CB2482}
	EndGlobalSection
EndGlobal
